
Microsoft Visual Studio Solution File, Format Version 12.00
# Visual Studio Version 16
VisualStudioVersion = 16.0.30517.126
MinimumVisualStudioVersion = 10.0.40219.1
Project("{FAE04EC0-301F-11D3-BF4B-00C04F79EFBC}") = "FileInputOutputOperation", "FileInputOutputOperation\FileInputOutputOperation.csproj", "{98BDEC54-65FA-4C28-98FF-95EA53F2D9CF}"
EndProject
Global
	GlobalSection(SolutionConfigurationPlatforms) = preSolution
		Debug|Any CPU = Debug|Any CPU
		Release|Any CPU = Release|Any CPU
	EndGlobalSection
	GlobalSection(ProjectConfigurationPlatforms) = postSolution
		{98BDEC54-65FA-4C28-98FF-95EA53F2D9CF}.Debug|Any CPU.ActiveCfg = Debug|Any CPU
		{98BDEC54-65FA-4C28-98FF-95EA53F2D9CF}.Debug|Any CPU.Build.0 = Debug|Any CPU
		{98BDEC54-65FA-4C28-98FF-95EA53F2D9CF}.Release|Any CPU.ActiveCfg = Release|Any CPU
		{98BDEC54-65FA-4C28-98FF-95EA53F2D9CF}.Release|Any CPU.Build.0 = Release|Any CPU
	EndGlobalSection
	GlobalSection(SolutionProperties) = preSolution
		HideSolutionNode = FALSE
	EndGlobalSection
	GlobalSection(ExtensibilityGlobals) = postSolution
		SolutionGuid = {E8FBE0BA-214F-4D3C-AB9C-856179581A81}
	EndGlobalSection
EndGlobal
